// !$*UTF8*$!
{
	archiveVersion = 1;
	classes = {
	};
	objectVersion = 46;
	objects = {

/* Begin PBXBuildFile section */
		649768DB1BF2CBCB0024688C /* main.m in Sources */ = {isa = PBXBuildFile; fileRef = 649768DA1BF2CBCB0024688C /* main.m */; };
		649768DE1BF2CBCB0024688C /* AppDelegate.m in Sources */ = {isa = PBXBuildFile; fileRef = 649768DD1BF2CBCB0024688C /* AppDelegate.m */; };
		649768E11BF2CBCB0024688C /* ViewController.m in Sources */ = {isa = PBXBuildFile; fileRef = 649768E01BF2CBCB0024688C /* ViewController.m */; };
		649768E41BF2CBCB0024688C /* Main.storyboard in Resources */ = {isa = PBXBuildFile; fileRef = 649768E21BF2CBCB0024688C /* Main.storyboard */; };
		649768E61BF2CBCB0024688C /* Images.xcassets in Resources */ = {isa = PBXBuildFile; fileRef = 649768E51BF2CBCB0024688C /* Images.xcassets */; };
		649768E91BF2CBCB0024688C /* LaunchScreen.xib in Resources */ = {isa = PBXBuildFile; fileRef = 649768E71BF2CBCB0024688C /* LaunchScreen.xib */; };
		649768F51BF2CBCC0024688C /* DemoTests.m in Sources */ = {isa = PBXBuildFile; fileRef = 649768F41BF2CBCC0024688C /* DemoTests.m */; };
/* End PBXBuildFile section */

/* Begin PBXContainerItemProxy section */
		649768EF1BF2CBCC0024688C /* PBXContainerItemProxy */ = {
			isa = PBXContainerItemProxy;
			containerPortal = 649768CD1BF2CBCB0024688C /* Project object */;
			proxyType = 1;
			remoteGlobalIDString = 649768D41BF2CBCB0024688C;
			remoteInfo = Demo;
		};
/* End PBXContainerItemProxy section */

/* Begin PBXFileReference section */
		649768D51BF2CBCB0024688C /* Demo.app */ = {isa = PBXFileReference; explicitFileType = wrapper.application; includeInIndex = 0; path = Demo.app; sourceTree = BUILT_PRODUCTS_DIR; };
		649768D91BF2CBCB0024688C /* Info.plist */ = {isa = PBXFileReference; lastKnownFileType = text.plist.xml; path = Info.plist; sourceTree = "<group>"; };
		649768DA1BF2CBCB0024688C /* main.m */ = {isa = PBXFileReference; lastKnownFileType = sourcecode.c.objc; path = main.m; sourceTree = "<group>"; };
		649768DC1BF2CBCB0024688C /* AppDelegate.h */ = {isa = PBXFileReference; lastKnownFileType = sourcecode.c.h; path = AppDelegate.h; sourceTree = "<group>"; };
		649768DD1BF2CBCB0024688C /* AppDelegate.m */ = {isa = PBXFileReference; lastKnownFileType = sourcecode.c.objc; path = AppDelegate.m; sourceTree = "<group>"; };
		649768DF1BF2CBCB0024688C /* ViewController.h */ = {isa = PBXFileReference; lastKnownFileType = sourcecode.c.h; path = ViewController.h; sourceTree = "<group>"; };
		649768E01BF2CBCB0024688C /* ViewController.m */ = {isa = PBXFileReference; lastKnownFileType = sourcecode.c.objc; path = ViewController.m; sourceTree = "<group>"; };
		649768E31BF2CBCB0024688C /* Base */ = {isa = PBXFileReference; lastKnownFileType = file.storyboard; name = Base; path = Base.lproj/Main.storyboard; sourceTree = "<group>"; };
		649768E51BF2CBCB0024688C /* Images.xcassets */ = {isa = PBXFileReference; lastKnownFileType = folder.assetcatalog; path = Images.xcassets; sourceTree = "<group>"; };
		649768E81BF2CBCB0024688C /* Base */ = {isa = PBXFileReference; lastKnownFileType = file.xib; name = Base; path = Base.lproj/LaunchScreen.xib; sourceTree = "<group>"; };
		649768EE1BF2CBCC0024688C /* DemoTests.xctest */ = {isa = PBXFileReference; explicitFileType = wrapper.cfbundle; includeInIndex = 0; path = DemoTests.xctest; sourceTree = BUILT_PRODUCTS_DIR; };
		649768F31BF2CBCC0024688C /* Info.plist */ = {isa = PBXFileReference; lastKnownFileType = text.plist.xml; path = Info.plist; sourceTree = "<group>"; };
		649768F41BF2CBCC0024688C /* DemoTests.m */ = {isa = PBXFileReference; lastKnownFileType = sourcecode.c.objc; path = DemoTests.m; sourceTree = "<group>"; };
/* End PBXFileReference section */

/* Begin PBXFrameworksBuildPhase section */
		649768D21BF2CBCB0024688C /* Frameworks */ = {
			isa = PBXFrameworksBuildPhase;
			buildActionMask = 2147483647;
			files = (
			);
			runOnlyForDeploymentPostprocessing = 0;
		};
		649768EB1BF2CBCC0024688C /* Frameworks */ = {
			isa = PBXFrameworksBuildPhase;
			buildActionMask = 2147483647;
			files = (
			);
			runOnlyForDeploymentPostprocessing = 0;
		};
/* End PBXFrameworksBuildPhase section */

/* Begin PBXGroup section */
		649768CC1BF2CBCB0024688C = {
			isa = PBXGroup;
			children = (
				649768D71BF2CBCB0024688C /* Demo */,
				649768F11BF2CBCC0024688C /* DemoTests */,
				649768D61BF2CBCB0024688C /* Products */,
			);
			sourceTree = "<group>";
		};
		649768D61BF2CBCB0024688C /* Products */ = {
			isa = PBXGroup;
			children = (
				649768D51BF2CBCB0024688C /* Demo.app */,
				649768EE1BF2CBCC0024688C /* DemoTests.xctest */,
			);
			name = Products;
			sourceTree = "<group>";
		};
		649768D71BF2CBCB0024688C /* Demo */ = {
			isa = PBXGroup;
			children = (
				649768DC1BF2CBCB0024688C /* AppDelegate.h */,
				649768DD1BF2CBCB0024688C /* AppDelegate.m */,
				649768DF1BF2CBCB0024688C /* ViewController.h */,
				649768E01BF2CBCB0024688C /* ViewController.m */,
				649768E21BF2CBCB0024688C /* Main.storyboard */,
				649768E51BF2CBCB0024688C /* Images.xcassets */,
				649768E71BF2CBCB0024688C /* LaunchScreen.xib */,
				649768D81BF2CBCB0024688C /* Supporting Files */,
			);
			path = Demo;
			sourceTree = "<group>";
		};
		649768D81BF2CBCB0024688C /* Supporting Files */ = {
			isa = PBXGroup;
			children = (
				649768D91BF2CBCB0024688C /* Info.plist */,
				649768DA1BF2CBCB0024688C /* main.m */,
			);
			name = "Supporting Files";
			sourceTree = "<group>";
		};
		649768F11BF2CBCC0024688C /* DemoTests */ = {
			isa = PBXGroup;
			children = (
				649768F41BF2CBCC0024688C /* DemoTests.m */,
				649768F21BF2CBCC0024688C /* Supporting Files */,
			);
			path = DemoTests;
			sourceTree = "<group>";
		};
		649768F21BF2CBCC0024688C /* Supporting Files */ = {
			isa = PBXGroup;
			children = (
				649768F31BF2CBCC0024688C /* Info.plist */,
			);
			name = "Supporting Files";
			sourceTree = "<group>";
		};
/* End PBXGroup section */

/* Begin PBXNativeTarget section */
		649768D41BF2CBCB0024688C /* Demo */ = {
			isa = PBXNativeTarget;
			buildConfigurationList = 649768F81BF2CBCC0024688C /* Build configuration list for PBXNativeTarget "Demo" */;
			buildPhases = (
				649768D11BF2CBCB0024688C /* Sources */,
				649768D21BF2CBCB0024688C /* Frameworks */,
				649768D31BF2CBCB0024688C /* Resources */,
			);
			buildRules = (
			);
			dependencies = (
			);
			name = Demo;
			productName = Demo;
			productReference = 649768D51BF2CBCB0024688C /* Demo.app */;
			productType = "com.apple.product-type.application";
		};
		649768ED1BF2CBCC0024688C /* DemoTests */ = {
			isa = PBXNativeTarget;
			buildConfigurationList = 649768FB1BF2CBCC0024688C /* Build configuration list for PBXNativeTarget "DemoTests" */;
			buildPhases = (
				649768EA1BF2CBCC0024688C /* Sources */,
				649768EB1BF2CBCC0024688C /* Frameworks */,
				649768EC1BF2CBCC0024688C /* Resources */,
			);
			buildRules = (
			);
			dependencies = (
				649768F01BF2CBCC0024688C /* PBXTargetDependency */,
			);
			name = DemoTests;
			productName = DemoTests;
			productReference = 649768EE1BF2CBCC0024688C /* DemoTests.xctest */;
			productType = "com.apple.product-type.bundle.unit-test";
		};
/* End PBXNativeTarget section */

/* Begin PBXProject section */
		649768CD1BF2CBCB0024688C /* Project object */ = {
			isa = PBXProject;
			attributes = {
				LastUpgradeCheck = 0640;
				ORGANIZATIONNAME = lzxuan;
				TargetAttributes = {
					649768D41BF2CBCB0024688C = {
						CreatedOnToolsVersion = 6.4;
					};
					649768ED1BF2CBCC0024688C = {
						CreatedOnToolsVersion = 6.4;
						TestTargetID = 649768D41BF2CBCB0024688C;
					};
				};
			};
			buildConfigurationList = 649768D01BF2CBCB0024688C /* Build configuration list for PBXProject "Demo" */;
			compatibilityVersion = "Xcode 3.2";
			developmentRegion = English;
			hasScannedForEncodings = 0;
			knownRegions = (
				en,
				Base,
			);
			mainGroup = 649768CC1BF2CBCB0024688C;
			productRefGroup = 649768D61BF2CBCB0024688C /* Products */;
			projectDirPath = "";
			projectRoot = "";
			targets = (
				649768D41BF2CBCB0024688C /* Demo */,
				649768ED1BF2CBCC0024688C /* DemoTests */,
			);
		};
/* End PBXProject section */

/* Begin PBXResourcesBuildPhase section */
		649768D31BF2CBCB0024688C /* Resources */ = {
			isa = PBXResourcesBuildPhase;
			buildActionMask = 2147483647;
			files = (
				649768E41BF2CBCB0024688C /* Main.storyboard in Resources */,
				649768E91BF2CBCB0024688C /* LaunchScreen.xib in Resources */,
				649768E61BF2CBCB0024688C /* Images.xcassets in Resources */,
			);
			runOnlyForDeploymentPostprocessing = 0;
		};
		649768EC1BF2CBCC0024688C /* Resources */ = {
			isa = PBXResourcesBuildPhase;
			buildActionMask = 2147483647;
			files = (
			);
			runOnlyForDeploymentPostprocessing = 0;
		};
/* End PBXResourcesBuildPhase section */

/* Begin PBXSourcesBuildPhase section */
		649768D11BF2CBCB0024688C /* Sources */ = {
			isa = PBXSourcesBuildPhase;
			buildActionMask = 2147483647;
			files = (
				649768E11BF2CBCB0024688C /* ViewController.m in Sources */,
				649768DE1BF2CBCB0024688C /* AppDelegate.m in Sources */,
				649768DB1BF2CBCB0024688C /* main.m in Sources */,
			);
			runOnlyForDeploymentPostprocessing = 0;
		};
		649768EA1BF2CBCC0024688C /* Sources */ = {
			isa = PBXSourcesBuildPhase;
			buildActionMask = 2147483647;
			files = (
				649768F51BF2CBCC0024688C /* DemoTests.m in Sources */,
			);
			runOnlyForDeploymentPostprocessing = 0;
		};
/* End PBXSourcesBuildPhase section */

/* Begin PBXTargetDependency section */
		649768F01BF2CBCC0024688C /* PBXTargetDependency */ = {
			isa = PBXTargetDependency;
			target = 649768D41BF2CBCB0024688C /* Demo */;
			targetProxy = 649768EF1BF2CBCC0024688C /* PBXContainerItemProxy */;
		};
/* End PBXTargetDependency section */

/* Begin PBXVariantGroup section */
		649768E21BF2CBCB0024688C /* Main.storyboard */ = {
			isa = PBXVariantGroup;
			children = (
				649768E31BF2CBCB0024688C /* Base */,
			);
			name = Main.storyboard;
			sourceTree = "<group>";
		};
		649768E71BF2CBCB0024688C /* LaunchScreen.xib */ = {
			isa = PBXVariantGroup;
			children = (
				649768E81BF2CBCB0024688C /* Base */,
			);
			name = LaunchScreen.xib;
			sourceTree = "<group>";
		};
/* End PBXVariantGroup section */

/* Begin XCBuildConfiguration section */
		649768F61BF2CBCC0024688C /* Debug */ = {
			isa = XCBuildConfiguration;
			buildSettings = {
				ALWAYS_SEARCH_USER_PATHS = NO;
				CLANG_CXX_LANGUAGE_STANDARD = "gnu++0x";
				CLANG_CXX_LIBRARY = "libc++";
				CLANG_ENABLE_MODULES = YES;
				CLANG_ENABLE_OBJC_ARC = YES;
				CLANG_WARN_BOOL_CONVERSION = YES;
				CLANG_WARN_CONSTANT_CONVERSION = YES;
				CLANG_WARN_DIRECT_OBJC_ISA_USAGE = YES_ERROR;
				CLANG_WARN_EMPTY_BODY = YES;
				CLANG_WARN_ENUM_CONVERSION = YES;
				CLANG_WARN_INT_CONVERSION = YES;
				CLANG_WARN_OBJC_ROOT_CLASS = YES_ERROR;
				CLANG_WARN_UNREACHABLE_CODE = YES;
				CLANG_WARN__DUPLICATE_METHOD_MATCH = YES;
				"CODE_SIGN_IDENTITY[sdk=iphoneos*]" = "iPhone Developer";
				COPY_PHASE_STRIP = NO;
				DEBUG_INFORMATION_FORMAT = "dwarf-with-dsym";
				ENABLE_STRICT_OBJC_MSGSEND = YES;
				GCC_C_LANGUAGE_STANDARD = gnu99;
				GCC_DYNAMIC_NO_PIC = NO;
				GCC_NO_COMMON_BLOCKS = YES;
				GCC_OPTIMIZATION_LEVEL = 0;
				GCC_PREPROCESSOR_DEFINITIONS = (
					"DEBUG=1",
					"$(inherited)",
				);
				GCC_SYMBOLS_PRIVATE_EXTERN = NO;
				GCC_WARN_64_TO_32_BIT_CONVERSION = YES;
				GCC_WARN_ABOUT_RETURN_TYPE = YES_ERROR;
				GCC_WARN_UNDECLARED_SELECTOR = YES;
				GCC_WARN_UNINITIALIZED_AUTOS = YES_AGGRESSIVE;
				GCC_WARN_UNUSED_FUNCTION = YES;
				GCC_WARN_UNUSED_VARIABLE = YES;
				IPHONEOS_DEPLOYMENT_TARGET = 8.4;
				MTL_ENABLE_DEBUG_INFO = YES;
				ONLY_ACTIVE_ARCH = YES;
				SDKROOT = iphoneos;
			};
			name = Debug;
		};
		649768F71BF2CBCC0024688C /* Release */ = {
			isa = XCBuildConfiguration;
			buildSettings = {
				ALWAYS_SEARCH_USER_PATHS = NO;
				CLANG_CXX_LANGUAGE_STANDARD = "gnu++0x";
				CLANG_CXX_LIBRARY = "libc++";
				CLANG_ENABLE_MODULES = YES;
				CLANG_ENABLE_OBJC_ARC = YES;
				CLANG_WARN_BOOL_CONVERSION = YES;
				CLANG_WARN_CONSTANT_CONVERSION = YES;
				CLANG_WARN_DIRECT_OBJC_ISA_USAGE = YES_ERROR;
				CLANG_WARN_EMPTY_BODY = YES;
				CLANG_WARN_ENUM_CONVERSION = YES;
				CLANG_WARN_INT_CONVERSION = YES;
				CLANG_WARN_OBJC_ROOT_CLASS = YES_ERROR;
				CLANG_WARN_UNREACHABLE_CODE = YES;
				CLANG_WARN__DUPLICATE_METHOD_MATCH = YES;
				"CODE_SIGN_IDENTITY[sdk=iphoneos*]" = "iPhone Developer";
				COPY_PHASE_STRIP = NO;
				DEBUG_INFORMATION_FORMAT = "dwarf-with-dsym";
				ENABLE_NS_ASSERTIONS = NO;
				ENABLE_STRICT_OBJC_MSGSEND = YES;
				GCC_C_LANGUAGE_STANDARD = gnu99;
				GCC_NO_COMMON_BLOCKS = YES;
				GCC_WARN_64_TO_32_BIT_CONVERSION = YES;
				GCC_WARN_ABOUT_RETURN_TYPE = YES_ERROR;
				GCC_WARN_UNDECLARED_SELECTOR = YES;
				GCC_WARN_UNINITIALIZED_AUTOS = YES_AGGRESSIVE;
				GCC_WARN_UNUSED_FUNCTION = YES;
				GCC_WARN_UNUSED_VARIABLE = YES;
				IPHONEOS_DEPLOYMENT_TARGET = 8.4;
				MTL_ENABLE_DEBUG_INFO = NO;
				SDKROOT = iphoneos;
				VALIDATE_PRODUCT = YES;
			};
			name = Release;
		};
		649768F91BF2CBCC0024688C /* Debug */ = {
			isa = XCBuildConfiguration;
			buildSettings = {
				ASSETCATALOG_COMPILER_APPICON_NAME = AppIcon;
				INFOPLIST_FILE = Demo/Info.plist;
				LD_RUNPATH_SEARCH_PATHS = "$(inherited) @executable_path/Frameworks";
				PRODUCT_NAME = "$(TARGET_NAME)";
			};
			name = Debug;
		};
		649768FA1BF2CBCC0024688C /* Release */ = {
			isa = XCBuildConfiguration;
			buildSettings = {
				ASSETCATALOG_COMPILER_APPICON_NAME = AppIcon;
				INFOPLIST_FILE = Demo/Info.plist;
				LD_RUNPATH_SEARCH_PATHS = "$(inherited) @executable_path/Frameworks";
				PRODUCT_NAME = "$(TARGET_NAME)";
			};
			name = Release;
		};
		649768FC1BF2CBCC0024688C /* Debug */ = {
			isa = XCBuildConfiguration;
			buildSettings = {
				BUNDLE_LOADER = "$(TEST_HOST)";
				FRAMEWORK_SEARCH_PATHS = (
					"$(SDKROOT)/Developer/Library/Frameworks",
					"$(inherited)",
				);
				GCC_PREPROCESSOR_DEFINITIONS = (
					"DEBUG=1",
					"$(inherited)",
				);
				INFOPLIST_FILE = DemoTests/Info.plist;
				LD_RUNPATH_SEARCH_PATHS = "$(inherited) @executable_path/Frameworks @loader_path/Frameworks";
				PRODUCT_NAME = "$(TARGET_NAME)";
				TEST_HOST = "$(BUILT_PRODUCTS_DIR)/Demo.app/Demo";
			};
			name = Debug;
		};
		649768FD1BF2CBCC0024688C /* Release */ = {
			isa = XCBuildConfiguration;
			buildSettings = {
				BUNDLE_LOADER = "$(TEST_HOST)";
				FRAMEWORK_SEARCH_PATHS = (
					"$(SDKROOT)/Developer/Library/Frameworks",
					"$(inherited)",
				);
				INFOPLIST_FILE = DemoTests/Info.plist;
				LD_RUNPATH_SEARCH_PATHS = "$(inherited) @executable_path/Frameworks @loader_path/Frameworks";
				PRODUCT_NAME = "$(TARGET_NAME)";
				TEST_HOST = "$(BUILT_PRODUCTS_DIR)/Demo.app/Demo";
			};
			name = Release;
		};
/* End XCBuildConfiguration section */

/* Begin XCConfigurationList section */
		649768D01BF2CBCB0024688C /* Build configuration list for PBXProject "Demo" */ = {
			isa = XCConfigurationList;
			buildConfigurations = (
				649768F61BF2CBCC0024688C /* Debug */,
				649768F71BF2CBCC0024688C /* Release */,
			);
			defaultConfigurationIsVisible = 0;
			defaultConfigurationName = Release;
		};
		649768F81BF2CBCC0024688C /* Build configuration list for PBXNativeTarget "Demo" */ = {
			isa = XCConfigurationList;
			buildConfigurations = (
				649768F91BF2CBCC0024688C /* Debug */,
				649768FA1BF2CBCC0024688C /* Release */,
			);
			defaultConfigurationIsVisible = 0;
		};
		649768FB1BF2CBCC0024688C /* Build configuration list for PBXNativeTarget "DemoTests" */ = {
			isa = XCConfigurationList;
			buildConfigurations = (
				649768FC1BF2CBCC0024688C /* Debug */,
				649768FD1BF2CBCC0024688C /* Release */,
			);
			defaultConfigurationIsVisible = 0;
		};
/* End XCConfigurationList section */
	};
	rootObject = 649768CD1BF2CBCB0024688C /* Project object */;
}
